
Microsoft Visual Studio Solution File, Format Version 12.00
# Visual Studio Version 17
VisualStudioVersion = 17.13.35931.197
MinimumVisualStudioVersion = 10.0.40219.1
Project("{FAE04EC0-301F-11D3-BF4B-00C04F79EFBC}") = "Sisusa.ServiceExceptions", "Sisusa.ServiceExceptions.csproj", "{573A3C71-5B39-0ABB-9CCF-E8292154E7D6}"
EndProject
Project("{FAE04EC0-301F-11D3-BF4B-00C04F79EFBC}") = "Sisusa.ServiceExceptionsTests", "..\Sisusa.ServiceExceptionsTests\Sisusa.ServiceExceptionsTests.csproj", "{A89157ED-BD8C-4053-A69E-EBFFF732F892}"
EndProject
Global
	GlobalSection(SolutionConfigurationPlatforms) = preSolution
		Debug|Any CPU = Debug|Any CPU
		Release|Any CPU = Release|Any CPU
	EndGlobalSection
	GlobalSection(ProjectConfigurationPlatforms) = postSolution
		{573A3C71-5B39-0ABB-9CCF-E8292154E7D6}.Debug|Any CPU.ActiveCfg = Debug|Any CPU
		{573A3C71-5B39-0ABB-9CCF-E8292154E7D6}.Debug|Any CPU.Build.0 = Debug|Any CPU
		{573A3C71-5B39-0ABB-9CCF-E8292154E7D6}.Release|Any CPU.ActiveCfg = Release|Any CPU
		{573A3C71-5B39-0ABB-9CCF-E8292154E7D6}.Release|Any CPU.Build.0 = Release|Any CPU
		{A89157ED-BD8C-4053-A69E-EBFFF732F892}.Debug|Any CPU.ActiveCfg = Debug|Any CPU
		{A89157ED-BD8C-4053-A69E-EBFFF732F892}.Debug|Any CPU.Build.0 = Debug|Any CPU
		{A89157ED-BD8C-4053-A69E-EBFFF732F892}.Release|Any CPU.ActiveCfg = Release|Any CPU
		{A89157ED-BD8C-4053-A69E-EBFFF732F892}.Release|Any CPU.Build.0 = Release|Any CPU
	EndGlobalSection
	GlobalSection(SolutionProperties) = preSolution
		HideSolutionNode = FALSE
	EndGlobalSection
	GlobalSection(ExtensibilityGlobals) = postSolution
		SolutionGuid = {653FE85F-3317-46A1-8EFB-53422A943460}
	EndGlobalSection
EndGlobal
